
Microsoft Visual Studio Solution File, Format Version 12.00
# Visual Studio Version 16
VisualStudioVersion = 16.0.30503.244
MinimumVisualStudioVersion = 10.0.40219.1
Project("{9A19103F-16F7-4668-BE54-9A1E7A4F7556}") = "Concordance", "Concordance.csproj", "{731F3425-620A-425D-9871-49CE7D97A163}"
EndProject
Global
	GlobalSection(SolutionConfigurationPlatforms) = preSolution
		Debug|Any CPU = Debug|Any CPU
		Release|Any CPU = Release|Any CPU
	EndGlobalSection
	GlobalSection(ProjectConfigurationPlatforms) = postSolution
		{731F3425-620A-425D-9871-49CE7D97A163}.Debug|Any CPU.ActiveCfg = Debug|Any CPU
		{731F3425-620A-425D-9871-49CE7D97A163}.Debug|Any CPU.Build.0 = Debug|Any CPU
		{731F3425-620A-425D-9871-49CE7D97A163}.Release|Any CPU.ActiveCfg = Release|Any CPU
		{731F3425-620A-425D-9871-49CE7D97A163}.Release|Any CPU.Build.0 = Release|Any CPU
	EndGlobalSection
	GlobalSection(SolutionProperties) = preSolution
		HideSolutionNode = FALSE
	EndGlobalSection
	GlobalSection(ExtensibilityGlobals) = postSolution
		SolutionGuid = {869F925E-A9D3-4ED2-92ED-C8E7D7FA4C51}
	EndGlobalSection
EndGlobal
